<?xml version="1.0" encoding="utf-8"?>
<Project ToolsVersion="4.0" xmlns="http://schemas.microsoft.com/developer/msbuild/2003">
  <ItemGroup>
    <Filter Include="Source files">
      <UniqueIdentifier>{6221630c-07d1-430e-91ef-845d744ce31d}</UniqueIdentifier>
      <Extensions>cpp;c;cc;cxx;def;odl;idl;hpj;bat;asm;asmx</Extensions>
    </Filter>
    <Filter Include="Header files">
      <UniqueIdentifier>{58211c9c-3097-42d4-8031-47a75711cebb}</UniqueIdentifier>
      <Extensions>h;hpp;hxx;hm;inl;inc;xsd</Extensions>
    </Filter>
    <Filter Include="Resource files">
      <UniqueIdentifier>{1362a6a8-6d8e-4efa-9b7c-2e4002b6d6ce}</UniqueIdentifier>
      <Extensions>rc;ico;cur;bmp;dlg;rc2;rct;bin;rgs;gif;jpg;jpeg;jpe;resx;tiff;tif;png;wav</Extensions>
    </Filter>
    <Filter Include="VisualGDB settings">
      <UniqueIdentifier>{d1a87ebe-d493-4fbe-93e0-813d54037fda}</UniqueIdentifier>
      <Extensions>*.vgdbsettings</Extensions>
    </Filter>
    <Filter Include="Header files\DeviceManager">
      <UniqueIdentifier>{da3bdb6b-4b72-4a99-8521-ac20ae9867f9}</UniqueIdentifier>
    </Filter>
    <Filter Include="Header files\Database">
      <UniqueIdentifier>{67c29874-fc23-4251-ab6f-038bba7541fa}</UniqueIdentifier>
    </Filter>
    <Filter Include="Source files\DeviceManager">
      <UniqueIdentifier>{81dbf471-7a2a-4fef-b435-bcb3a3bc5c90}</UniqueIdentifier>
    </Filter>
    <Filter Include="Source files\Database">
      <UniqueIdentifier>{2d9fe22a-63fc-46c9-bc37-c565ee5fec29}</UniqueIdentifier>
    </Filter>
    <Filter Include="Source files\MapLib">
      <UniqueIdentifier>{fb0c643b-2ae7-4063-992c-a9b67dbf91c9}</UniqueIdentifier>
    </Filter>
    <Filter Include="Header files\MapLib">
      <UniqueIdentifier>{4a8d9bd3-805f-432b-8698-9332f6c8349a}</UniqueIdentifier>
    </Filter>
    <Filter Include="Source files\MapLib\Pathfinding">
      <UniqueIdentifier>{685b08cb-e63d-4c9b-a5bf-919f80e56364}</UniqueIdentifier>
    </Filter>
    <Filter Include="Header files\MapLib\Pathfinding">
      <UniqueIdentifier>{7a58bebc-8d6b-4a90-8455-07c6684f3b3c}</UniqueIdentifier>
    </Filter>
    <Filter Include="Header files\Robot">
      <UniqueIdentifier>{4c773e5e-b893-4c1e-b89e-047f1ef01e09}</UniqueIdentifier>
    </Filter>
    <Filter Include="Source files\Robot">
      <UniqueIdentifier>{5226daa0-e716-4693-901a-32d98907a73e}</UniqueIdentifier>
    </Filter>
    <Filter Include="Header files\Robot\Behaviors">
      <UniqueIdentifier>{e04a3b07-79d0-4323-99ce-de36bc30d922}</UniqueIdentifier>
    </Filter>
    <Filter Include="Source files\Robot\Behaviors">
      <UniqueIdentifier>{582ed572-bc40-4e1d-bbc2-ff42b5035232}</UniqueIdentifier>
    </Filter>
    <Filter Include="Source files\Robot\Configuration">
      <UniqueIdentifier>{1b9abbfe-d34c-4e6e-aebc-f297527968c7}</UniqueIdentifier>
    </Filter>
    <Filter Include="Header files\Robot\Configuration">
      <UniqueIdentifier>{181b01f7-aa7d-43ce-b5b7-b932f41c7310}</UniqueIdentifier>
    </Filter>
    <Filter Include="Header files\UI">
      <UniqueIdentifier>{50c48c7d-ea21-4378-812e-b56b540125de}</UniqueIdentifier>
    </Filter>
    <Filter Include="Source files\UI">
      <UniqueIdentifier>{4dbbd32f-3340-469b-a8e3-789777d5ac35}</UniqueIdentifier>
    </Filter>
    <Filter Include="Header files\UI\Utilities">
      <UniqueIdentifier>{23678937-042b-422a-b767-64ae65dc7649}</UniqueIdentifier>
    </Filter>
    <Filter Include="Source files\UI\Utilities">
      <UniqueIdentifier>{7a46a78c-4bd4-4369-b91e-45c3789c22ab}</UniqueIdentifier>
    </Filter>
    <Filter Include="Header files\UI\Elements">
      <UniqueIdentifier>{439bc039-043c-46be-b88c-4573087a8da1}</UniqueIdentifier>
    </Filter>
    <Filter Include="Source files\UI\Elements">
      <UniqueIdentifier>{b68264af-57df-4f53-9b37-e1819bb8d3f3}</UniqueIdentifier>
    </Filter>
    <Filter Include="Header files\LocationManager">
      <UniqueIdentifier>{b7112e1b-086a-4ca6-afb0-4ae3af8330a1}</UniqueIdentifier>
    </Filter>
    <Filter Include="Source files\LocationManager">
      <UniqueIdentifier>{b11cd6cd-e2e3-4786-a04a-5803a49da929}</UniqueIdentifier>
    </Filter>
    <Filter Include="Header files\Robot\SensorManager">
      <UniqueIdentifier>{861969a2-ee7b-4366-a318-e105a954367c}</UniqueIdentifier>
    </Filter>
    <Filter Include="Header files\Robot\MotionControl">
      <UniqueIdentifier>{969c19df-0b65-4898-876f-55610695e4b5}</UniqueIdentifier>
    </Filter>
    <Filter Include="Source files\MotionControl">
      <UniqueIdentifier>{968731cb-07ce-4d86-962a-89407b7765d5}</UniqueIdentifier>
    </Filter>
  </ItemGroup>
  <ItemGroup>
    <ClCompile Include="RobotLib.cpp">
      <Filter>Source files</Filter>
    </ClCompile>
    <ClCompile Include="DeviceEntry.cpp">
      <Filter>Source files\DeviceManager</Filter>
    </ClCompile>
    <ClCompile Include="DeviceManager.cpp">
      <Filter>Source files\DeviceManager</Filter>
    </ClCompile>
    <ClCompile Include="DeviceRegistry.cpp">
      <Filter>Source files\DeviceManager</Filter>
    </ClCompile>
    <ClCompile Include="i2cscanner.cpp">
      <Filter>Source files\DeviceManager</Filter>
    </ClCompile>
    <ClCompile Include="GPSManager.cpp">
      <Filter>Source files\LocationManager</Filter>
    </ClCompile>
    <ClCompile Include="Database.cpp">
      <Filter>Source files\Database</Filter>
    </ClCompile>
    <ClCompile Include="SensorEvents.cpp">
      <Filter>Source files\Database</Filter>
    </ClCompile>
    <ClCompile Include="MapNode.cpp">
      <Filter>Source files\MapLib</Filter>
    </ClCompile>
    <ClCompile Include="Map.cpp">
      <Filter>Source files\MapLib</Filter>
    </ClCompile>
    <ClCompile Include="IntertialGuidence.cpp">
      <Filter>Source files\LocationManager</Filter>
    </ClCompile>
    <ClCompile Include="Configuration.cpp">
      <Filter>Source files\Robot\Configuration</Filter>
    </ClCompile>
    <ClCompile Include="Behavior.cpp">
      <Filter>Source files\Robot\Behaviors</Filter>
    </ClCompile>
    <ClCompile Include="Rectangle.cpp">
      <Filter>Source files\UI\Utilities</Filter>
    </ClCompile>
    <ClCompile Include="UIFont.cpp">
      <Filter>Source files\UI\Elements</Filter>
    </ClCompile>
    <ClCompile Include="UILabel.cpp">
      <Filter>Source files\UI\Elements</Filter>
    </ClCompile>
    <ClCompile Include="UICheckbox.cpp">
      <Filter>Source files\UI\Elements</Filter>
    </ClCompile>
    <ClCompile Include="UIRadioGroup.cpp">
      <Filter>Source files\UI\Elements</Filter>
    </ClCompile>
    <ClCompile Include="UIElement.cpp">
      <Filter>Source files\UI\Elements</Filter>
    </ClCompile>
    <ClCompile Include="WindowManager.cpp">
      <Filter>Source files\UI</Filter>
    </ClCompile>
    <ClCompile Include="UIWindow.cpp">
      <Filter>Source files\UI\Elements</Filter>
    </ClCompile>
    <ClCompile Include="UIButton.cpp">
      <Filter>Source files\UI\Elements</Filter>
    </ClCompile>
    <ClCompile Include="UIMenu.cpp">
      <Filter>Source files\UI\Elements</Filter>
    </ClCompile>
    <ClCompile Include="UIMenuPage.cpp">
      <Filter>Source files\UI\Elements</Filter>
    </ClCompile>
    <ClCompile Include="UITextEntry.cpp">
      <Filter>Source files\UI\Elements</Filter>
    </ClCompile>
    <ClCompile Include="MotorController.cpp">
      <Filter>Source files\MotionControl</Filter>
    </ClCompile>
    <ClCompile Include="MotionController.cpp">
      <Filter>Source files\MotionControl</Filter>
    </ClCompile>
  </ItemGroup>
  <ItemGroup>
    <ClInclude Include="RobotLib.h">
      <Filter>Header files</Filter>
    </ClInclude>
    <ClInclude Include="DeviceEntry.h">
      <Filter>Header files\DeviceManager</Filter>
    </ClInclude>
    <ClInclude Include="DeviceManager.h">
      <Filter>Header files\DeviceManager</Filter>
    </ClInclude>
    <ClInclude Include="DeviceRegistry.h">
      <Filter>Header files\DeviceManager</Filter>
    </ClInclude>
    <ClInclude Include="GPSManager.h">
      <Filter>Header files\LocationManager</Filter>
    </ClInclude>
    <ClInclude Include="Database.h">
      <Filter>Header files\Database</Filter>
    </ClInclude>
    <ClInclude Include="SensorEvents.h">
      <Filter>Header files\Database</Filter>
    </ClInclude>
    <ClInclude Include="MapLibConstants.h">
      <Filter>Header files\MapLib</Filter>
    </ClInclude>
    <ClInclude Include="Map.h">
      <Filter>Header files\MapLib</Filter>
    </ClInclude>
    <ClInclude Include="MapNode.h">
      <Filter>Header files\MapLib</Filter>
    </ClInclude>
    <ClInclude Include="InertialGuidence.h">
      <Filter>Header files\LocationManager</Filter>
    </ClInclude>
    <ClInclude Include="Node.h">
      <Filter>Header files\MapLib\Pathfinding</Filter>
    </ClInclude>
    <ClInclude Include="RobotStatus.h">
      <Filter>Header files\Robot</Filter>
    </ClInclude>
    <ClInclude Include="MowerState.h">
      <Filter>Header files\Robot</Filter>
    </ClInclude>
    <ClInclude Include="Configuration.h">
      <Filter>Header files\Robot\Configuration</Filter>
    </ClInclude>
    <ClInclude Include="Behavior.h">
      <Filter>Header files\Robot\Behaviors</Filter>
    </ClInclude>
    <ClInclude Include="Charging.h">
      <Filter>Header files\Robot\Behaviors</Filter>
    </ClInclude>
    <ClInclude Include="Rectangle.h">
      <Filter>Header files\UI\Utilities</Filter>
    </ClInclude>
    <ClInclude Include="Point.h">
      <Filter>Header files\UI\Utilities</Filter>
    </ClInclude>
    <ClInclude Include="UIElement.h">
      <Filter>Header files\UI\Elements</Filter>
    </ClInclude>
    <ClInclude Include="UILabel.h">
      <Filter>Header files\UI\Elements</Filter>
    </ClInclude>
    <ClInclude Include="UIFont.h">
      <Filter>Header files\UI\Elements</Filter>
    </ClInclude>
    <ClInclude Include="UICheckbox.h">
      <Filter>Header files\UI\Elements</Filter>
    </ClInclude>
    <ClInclude Include="UIRadioGroup.h">
      <Filter>Header files\UI\Elements</Filter>
    </ClInclude>
    <ClInclude Include="WindowManager.h">
      <Filter>Header files\UI</Filter>
    </ClInclude>
    <ClInclude Include="UIWindow.h">
      <Filter>Header files\UI\Elements</Filter>
    </ClInclude>
    <ClInclude Include="UIButton.h">
      <Filter>Header files\UI\Elements</Filter>
    </ClInclude>
    <ClInclude Include="UIMenu.h">
      <Filter>Header files\UI\Elements</Filter>
    </ClInclude>
    <ClInclude Include="UIMenuPage.h">
      <Filter>Header files\UI\Elements</Filter>
    </ClInclude>
    <ClInclude Include="NavigationIcons.h">
      <Filter>Source files\UI</Filter>
    </ClInclude>
    <ClInclude Include="UITextEntry.h">
      <Filter>Header files\UI\Elements</Filter>
    </ClInclude>
    <ClInclude Include="SensorManager.h">
      <Filter>Header files\Robot\SensorManager</Filter>
    </ClInclude>
    <ClInclude Include="States.h">
      <Filter>Header files\Robot\Behaviors</Filter>
    </ClInclude>
    <ClInclude Include="MotorController.h">
      <Filter>Header files\Robot\MotionControl</Filter>
    </ClInclude>
    <ClInclude Include="MotionController.h">
      <Filter>Header files\Robot\MotionControl</Filter>
    </ClInclude>
  </ItemGroup>
  <ItemGroup>
    <None Include="RobotLib-Debug.vgdbsettings">
      <Filter>VisualGDB settings</Filter>
    </None>
    <None Include="RobotLib-Release.vgdbsettings">
      <Filter>VisualGDB settings</Filter>
    </None>
  </ItemGroup>
</Project>