
Microsoft Visual Studio Solution File, Format Version 12.00
# Visual Studio 15
VisualStudioVersion = 15.0.26403.7
MinimumVisualStudioVersion = 10.0.40219.1
Project("{8BC9CEB8-8B4A-11D0-8D11-00A0C91BC942}") = "rcheckcfg", "..\CLI\rcheckcfg\rcheckcfg.vcxproj", "{4C9AB672-6D50-4675-A305-8A95860B9A64}"
EndProject
Project("{8BC9CEB8-8B4A-11D0-8D11-00A0C91BC942}") = "RapidXML", "..\3rdParty\RapidXML\RapidXML\RapidXML.vcxproj", "{EBB917F3-74E7-4EB6-97D3-C2CE6873B5F9}"
EndProject
Project("{8BC9CEB8-8B4A-11D0-8D11-00A0C91BC942}") = "wiringPi", "..\3rdParty\wiringPi\wiringPi\wiringPi.vcxproj", "{6A967716-D419-4C6E-9B5C-C8A68A3AF2D1}"
EndProject
Project("{2150E333-8FDC-42A3-9474-1A3956D46DE8}") = "3rdParty", "3rdParty", "{9E3EB96E-BA68-4923-B879-4240A4D61913}"
EndProject
Project("{2150E333-8FDC-42A3-9474-1A3956D46DE8}") = "CLI", "CLI", "{C26B8A3E-D380-467A-B8B6-F943772E1E18}"
EndProject
Project("{2150E333-8FDC-42A3-9474-1A3956D46DE8}") = "Core", "Core", "{CAE0343B-79BE-474C-8AD9-F2271AD938CC}"
EndProject
Project("{8BC9CEB8-8B4A-11D0-8D11-00A0C91BC942}") = "SensorLib", "..\RobotController\SensorLib\SensorLib.vcxproj", "{A17730CE-5FD1-4CB8-9B8D-5E9F076E7698}"
EndProject
Project("{8BC9CEB8-8B4A-11D0-8D11-00A0C91BC942}") = "RobotDaemon", "..\RobotDaemon\RobotDaemon.vcxproj", "{A6DF2A5F-0C0F-4325-93C2-9EF774B7B524}"
EndProject
Project("{8BC9CEB8-8B4A-11D0-8D11-00A0C91BC942}") = "RobotLib", "..\RobotLib\RobotLib.vcxproj", "{B37F3067-2A62-4034-9068-352F6949466A}"
EndProject
Project("{2150E333-8FDC-42A3-9474-1A3956D46DE8}") = "Test", "Test", "{27E14E05-8F89-491B-B0B5-D9B78F7E8F54}"
EndProject
Project("{8BC9CEB8-8B4A-11D0-8D11-00A0C91BC942}") = "UITest", "..\RobotLib\UITest\UITest.vcxproj", "{EAD6683E-F9AB-4402-B93A-39A204DEAE4D}"
EndProject
Project("{8BC9CEB8-8B4A-11D0-8D11-00A0C91BC942}") = "TestSuite", "..\TestSuite\TestSuite\TestSuite.vcxproj", "{5360C344-D7E6-4829-885A-95022C8CCA98}"
EndProject
Project("{8BC9CEB8-8B4A-11D0-8D11-00A0C91BC942}") = "CfgProperty", "..\CLI\CfgProperty\CfgProperty.vcxproj", "{1FCEBB38-4A83-4F84-96C6-63A8A8BCA721}"
EndProject
Project("{2150E333-8FDC-42A3-9474-1A3956D46DE8}") = "Solution Items", "Solution Items", "{B6565F30-A0CA-449B-BE30-C77BC7308027}"
	ProjectSection(SolutionItems) = preProject
		..\.gitignore = ..\.gitignore
		InstallPrereq.sh = InstallPrereq.sh
	EndProjectSection
EndProject
Project("{8BC9CEB8-8B4A-11D0-8D11-00A0C91BC942}") = "TestLibrary", "..\TestLibrary\TestLibrary.vcxproj", "{ACF644C7-4606-4479-BCE5-A1480C07BF87}"
EndProject
Project("{2150E333-8FDC-42A3-9474-1A3956D46DE8}") = "Window App", "Window App", "{1DFED395-1284-4F07-A3FA-022571F747AD}"
EndProject
Project("{FAE04EC0-301F-11D3-BF4B-00C04F79EFBC}") = "Simulator", "..\Windows\Simulator\Simulator.csproj", "{39BABCF8-FD44-420E-8530-4778DD597B21}"
EndProject
Project("{8BC9CEB8-8B4A-11D0-8D11-00A0C91BC942}") = "UILibrary", "..\Arduino\UILibrary\UILibrary\UILibrary.vcxproj", "{C5F80730-F44F-4478-BDAE-6634EFC2CA88}"
EndProject
Project("{2150E333-8FDC-42A3-9474-1A3956D46DE8}") = "Arduino", "Arduino", "{B3FB5E8B-0EDC-4642-8213-62F234EB7F90}"
EndProject
Global
	GlobalSection(SolutionConfigurationPlatforms) = preSolution
		Debug|Any CPU = Debug|Any CPU
		Debug|ARM = Debug|ARM
		Debug|VisualGDB = Debug|VisualGDB
		Debug|x64 = Debug|x64
		Debug|x86 = Debug|x86
		Release|Any CPU = Release|Any CPU
		Release|ARM = Release|ARM
		Release|VisualGDB = Release|VisualGDB
		Release|x64 = Release|x64
		Release|x86 = Release|x86
	EndGlobalSection
	GlobalSection(ProjectConfigurationPlatforms) = postSolution
		{4C9AB672-6D50-4675-A305-8A95860B9A64}.Debug|Any CPU.ActiveCfg = Debug|VisualGDB
		{4C9AB672-6D50-4675-A305-8A95860B9A64}.Debug|ARM.ActiveCfg = Debug|VisualGDB
		{4C9AB672-6D50-4675-A305-8A95860B9A64}.Debug|VisualGDB.ActiveCfg = Debug|VisualGDB
		{4C9AB672-6D50-4675-A305-8A95860B9A64}.Debug|x64.ActiveCfg = Debug|VisualGDB
		{4C9AB672-6D50-4675-A305-8A95860B9A64}.Debug|x86.ActiveCfg = Debug|VisualGDB
		{4C9AB672-6D50-4675-A305-8A95860B9A64}.Release|Any CPU.ActiveCfg = Release|VisualGDB
		{4C9AB672-6D50-4675-A305-8A95860B9A64}.Release|ARM.ActiveCfg = Release|VisualGDB
		{4C9AB672-6D50-4675-A305-8A95860B9A64}.Release|VisualGDB.ActiveCfg = Release|VisualGDB
		{4C9AB672-6D50-4675-A305-8A95860B9A64}.Release|VisualGDB.Build.0 = Release|VisualGDB
		{4C9AB672-6D50-4675-A305-8A95860B9A64}.Release|x64.ActiveCfg = Release|VisualGDB
		{4C9AB672-6D50-4675-A305-8A95860B9A64}.Release|x86.ActiveCfg = Release|VisualGDB
		{EBB917F3-74E7-4EB6-97D3-C2CE6873B5F9}.Debug|Any CPU.ActiveCfg = Debug|VisualGDB
		{EBB917F3-74E7-4EB6-97D3-C2CE6873B5F9}.Debug|ARM.ActiveCfg = Debug|VisualGDB
		{EBB917F3-74E7-4EB6-97D3-C2CE6873B5F9}.Debug|VisualGDB.ActiveCfg = Debug|VisualGDB
		{EBB917F3-74E7-4EB6-97D3-C2CE6873B5F9}.Debug|VisualGDB.Build.0 = Debug|VisualGDB
		{EBB917F3-74E7-4EB6-97D3-C2CE6873B5F9}.Debug|x64.ActiveCfg = Debug|VisualGDB
		{EBB917F3-74E7-4EB6-97D3-C2CE6873B5F9}.Debug|x86.ActiveCfg = Debug|VisualGDB
		{EBB917F3-74E7-4EB6-97D3-C2CE6873B5F9}.Release|Any CPU.ActiveCfg = Release|VisualGDB
		{EBB917F3-74E7-4EB6-97D3-C2CE6873B5F9}.Release|ARM.ActiveCfg = Release|VisualGDB
		{EBB917F3-74E7-4EB6-97D3-C2CE6873B5F9}.Release|VisualGDB.ActiveCfg = Release|VisualGDB
		{EBB917F3-74E7-4EB6-97D3-C2CE6873B5F9}.Release|VisualGDB.Build.0 = Release|VisualGDB
		{EBB917F3-74E7-4EB6-97D3-C2CE6873B5F9}.Release|x64.ActiveCfg = Release|VisualGDB
		{EBB917F3-74E7-4EB6-97D3-C2CE6873B5F9}.Release|x86.ActiveCfg = Release|VisualGDB
		{6A967716-D419-4C6E-9B5C-C8A68A3AF2D1}.Debug|Any CPU.ActiveCfg = Debug|VisualGDB
		{6A967716-D419-4C6E-9B5C-C8A68A3AF2D1}.Debug|ARM.ActiveCfg = Debug|VisualGDB
		{6A967716-D419-4C6E-9B5C-C8A68A3AF2D1}.Debug|VisualGDB.ActiveCfg = Debug|VisualGDB
		{6A967716-D419-4C6E-9B5C-C8A68A3AF2D1}.Debug|VisualGDB.Build.0 = Debug|VisualGDB
		{6A967716-D419-4C6E-9B5C-C8A68A3AF2D1}.Debug|x64.ActiveCfg = Debug|VisualGDB
		{6A967716-D419-4C6E-9B5C-C8A68A3AF2D1}.Debug|x86.ActiveCfg = Debug|VisualGDB
		{6A967716-D419-4C6E-9B5C-C8A68A3AF2D1}.Release|Any CPU.ActiveCfg = Release|VisualGDB
		{6A967716-D419-4C6E-9B5C-C8A68A3AF2D1}.Release|ARM.ActiveCfg = Release|VisualGDB
		{6A967716-D419-4C6E-9B5C-C8A68A3AF2D1}.Release|VisualGDB.ActiveCfg = Release|VisualGDB
		{6A967716-D419-4C6E-9B5C-C8A68A3AF2D1}.Release|VisualGDB.Build.0 = Release|VisualGDB
		{6A967716-D419-4C6E-9B5C-C8A68A3AF2D1}.Release|x64.ActiveCfg = Release|VisualGDB
		{6A967716-D419-4C6E-9B5C-C8A68A3AF2D1}.Release|x86.ActiveCfg = Release|VisualGDB
		{A17730CE-5FD1-4CB8-9B8D-5E9F076E7698}.Debug|Any CPU.ActiveCfg = Debug|VisualGDB
		{A17730CE-5FD1-4CB8-9B8D-5E9F076E7698}.Debug|ARM.ActiveCfg = Debug|VisualGDB
		{A17730CE-5FD1-4CB8-9B8D-5E9F076E7698}.Debug|VisualGDB.ActiveCfg = Debug|VisualGDB
		{A17730CE-5FD1-4CB8-9B8D-5E9F076E7698}.Debug|VisualGDB.Build.0 = Debug|VisualGDB
		{A17730CE-5FD1-4CB8-9B8D-5E9F076E7698}.Debug|x64.ActiveCfg = Debug|VisualGDB
		{A17730CE-5FD1-4CB8-9B8D-5E9F076E7698}.Debug|x86.ActiveCfg = Debug|VisualGDB
		{A17730CE-5FD1-4CB8-9B8D-5E9F076E7698}.Release|Any CPU.ActiveCfg = Release|VisualGDB
		{A17730CE-5FD1-4CB8-9B8D-5E9F076E7698}.Release|ARM.ActiveCfg = Release|VisualGDB
		{A17730CE-5FD1-4CB8-9B8D-5E9F076E7698}.Release|VisualGDB.ActiveCfg = Release|VisualGDB
		{A17730CE-5FD1-4CB8-9B8D-5E9F076E7698}.Release|VisualGDB.Build.0 = Release|VisualGDB
		{A17730CE-5FD1-4CB8-9B8D-5E9F076E7698}.Release|x64.ActiveCfg = Release|VisualGDB
		{A17730CE-5FD1-4CB8-9B8D-5E9F076E7698}.Release|x86.ActiveCfg = Release|VisualGDB
		{A6DF2A5F-0C0F-4325-93C2-9EF774B7B524}.Debug|Any CPU.ActiveCfg = Debug|VisualGDB
		{A6DF2A5F-0C0F-4325-93C2-9EF774B7B524}.Debug|ARM.ActiveCfg = Debug|VisualGDB
		{A6DF2A5F-0C0F-4325-93C2-9EF774B7B524}.Debug|VisualGDB.ActiveCfg = Debug|VisualGDB
		{A6DF2A5F-0C0F-4325-93C2-9EF774B7B524}.Debug|VisualGDB.Build.0 = Debug|VisualGDB
		{A6DF2A5F-0C0F-4325-93C2-9EF774B7B524}.Debug|x64.ActiveCfg = Debug|VisualGDB
		{A6DF2A5F-0C0F-4325-93C2-9EF774B7B524}.Debug|x86.ActiveCfg = Debug|VisualGDB
		{A6DF2A5F-0C0F-4325-93C2-9EF774B7B524}.Release|Any CPU.ActiveCfg = Release|VisualGDB
		{A6DF2A5F-0C0F-4325-93C2-9EF774B7B524}.Release|ARM.ActiveCfg = Release|VisualGDB
		{A6DF2A5F-0C0F-4325-93C2-9EF774B7B524}.Release|VisualGDB.ActiveCfg = Release|VisualGDB
		{A6DF2A5F-0C0F-4325-93C2-9EF774B7B524}.Release|VisualGDB.Build.0 = Release|VisualGDB
		{A6DF2A5F-0C0F-4325-93C2-9EF774B7B524}.Release|x64.ActiveCfg = Release|VisualGDB
		{A6DF2A5F-0C0F-4325-93C2-9EF774B7B524}.Release|x86.ActiveCfg = Release|VisualGDB
		{B37F3067-2A62-4034-9068-352F6949466A}.Debug|Any CPU.ActiveCfg = Debug|VisualGDB
		{B37F3067-2A62-4034-9068-352F6949466A}.Debug|ARM.ActiveCfg = Debug|VisualGDB
		{B37F3067-2A62-4034-9068-352F6949466A}.Debug|VisualGDB.ActiveCfg = Debug|VisualGDB
		{B37F3067-2A62-4034-9068-352F6949466A}.Debug|VisualGDB.Build.0 = Debug|VisualGDB
		{B37F3067-2A62-4034-9068-352F6949466A}.Debug|x64.ActiveCfg = Debug|VisualGDB
		{B37F3067-2A62-4034-9068-352F6949466A}.Debug|x86.ActiveCfg = Debug|VisualGDB
		{B37F3067-2A62-4034-9068-352F6949466A}.Release|Any CPU.ActiveCfg = Release|VisualGDB
		{B37F3067-2A62-4034-9068-352F6949466A}.Release|ARM.ActiveCfg = Release|VisualGDB
		{B37F3067-2A62-4034-9068-352F6949466A}.Release|VisualGDB.ActiveCfg = Release|VisualGDB
		{B37F3067-2A62-4034-9068-352F6949466A}.Release|VisualGDB.Build.0 = Release|VisualGDB
		{B37F3067-2A62-4034-9068-352F6949466A}.Release|x64.ActiveCfg = Release|VisualGDB
		{B37F3067-2A62-4034-9068-352F6949466A}.Release|x86.ActiveCfg = Release|VisualGDB
		{EAD6683E-F9AB-4402-B93A-39A204DEAE4D}.Debug|Any CPU.ActiveCfg = Debug|VisualGDB
		{EAD6683E-F9AB-4402-B93A-39A204DEAE4D}.Debug|ARM.ActiveCfg = Debug|VisualGDB
		{EAD6683E-F9AB-4402-B93A-39A204DEAE4D}.Debug|VisualGDB.ActiveCfg = Debug|VisualGDB
		{EAD6683E-F9AB-4402-B93A-39A204DEAE4D}.Debug|VisualGDB.Build.0 = Debug|VisualGDB
		{EAD6683E-F9AB-4402-B93A-39A204DEAE4D}.Debug|x64.ActiveCfg = Debug|VisualGDB
		{EAD6683E-F9AB-4402-B93A-39A204DEAE4D}.Debug|x86.ActiveCfg = Debug|VisualGDB
		{EAD6683E-F9AB-4402-B93A-39A204DEAE4D}.Release|Any CPU.ActiveCfg = Release|VisualGDB
		{EAD6683E-F9AB-4402-B93A-39A204DEAE4D}.Release|ARM.ActiveCfg = Release|VisualGDB
		{EAD6683E-F9AB-4402-B93A-39A204DEAE4D}.Release|VisualGDB.ActiveCfg = Release|VisualGDB
		{EAD6683E-F9AB-4402-B93A-39A204DEAE4D}.Release|VisualGDB.Build.0 = Release|VisualGDB
		{EAD6683E-F9AB-4402-B93A-39A204DEAE4D}.Release|x64.ActiveCfg = Release|VisualGDB
		{EAD6683E-F9AB-4402-B93A-39A204DEAE4D}.Release|x86.ActiveCfg = Release|VisualGDB
		{5360C344-D7E6-4829-885A-95022C8CCA98}.Debug|Any CPU.ActiveCfg = Debug|VisualGDB
		{5360C344-D7E6-4829-885A-95022C8CCA98}.Debug|ARM.ActiveCfg = Debug|VisualGDB
		{5360C344-D7E6-4829-885A-95022C8CCA98}.Debug|VisualGDB.ActiveCfg = Debug|VisualGDB
		{5360C344-D7E6-4829-885A-95022C8CCA98}.Debug|VisualGDB.Build.0 = Debug|VisualGDB
		{5360C344-D7E6-4829-885A-95022C8CCA98}.Debug|x64.ActiveCfg = Debug|VisualGDB
		{5360C344-D7E6-4829-885A-95022C8CCA98}.Debug|x86.ActiveCfg = Debug|VisualGDB
		{5360C344-D7E6-4829-885A-95022C8CCA98}.Release|Any CPU.ActiveCfg = Release|VisualGDB
		{5360C344-D7E6-4829-885A-95022C8CCA98}.Release|ARM.ActiveCfg = Release|VisualGDB
		{5360C344-D7E6-4829-885A-95022C8CCA98}.Release|VisualGDB.ActiveCfg = Release|VisualGDB
		{5360C344-D7E6-4829-885A-95022C8CCA98}.Release|VisualGDB.Build.0 = Release|VisualGDB
		{5360C344-D7E6-4829-885A-95022C8CCA98}.Release|x64.ActiveCfg = Release|VisualGDB
		{5360C344-D7E6-4829-885A-95022C8CCA98}.Release|x86.ActiveCfg = Release|VisualGDB
		{1FCEBB38-4A83-4F84-96C6-63A8A8BCA721}.Debug|Any CPU.ActiveCfg = Debug|VisualGDB
		{1FCEBB38-4A83-4F84-96C6-63A8A8BCA721}.Debug|ARM.ActiveCfg = Debug|VisualGDB
		{1FCEBB38-4A83-4F84-96C6-63A8A8BCA721}.Debug|VisualGDB.ActiveCfg = Debug|VisualGDB
		{1FCEBB38-4A83-4F84-96C6-63A8A8BCA721}.Debug|x64.ActiveCfg = Debug|VisualGDB
		{1FCEBB38-4A83-4F84-96C6-63A8A8BCA721}.Debug|x86.ActiveCfg = Debug|VisualGDB
		{1FCEBB38-4A83-4F84-96C6-63A8A8BCA721}.Release|Any CPU.ActiveCfg = Release|VisualGDB
		{1FCEBB38-4A83-4F84-96C6-63A8A8BCA721}.Release|ARM.ActiveCfg = Release|VisualGDB
		{1FCEBB38-4A83-4F84-96C6-63A8A8BCA721}.Release|VisualGDB.ActiveCfg = Release|VisualGDB
		{1FCEBB38-4A83-4F84-96C6-63A8A8BCA721}.Release|VisualGDB.Build.0 = Release|VisualGDB
		{1FCEBB38-4A83-4F84-96C6-63A8A8BCA721}.Release|x64.ActiveCfg = Release|VisualGDB
		{1FCEBB38-4A83-4F84-96C6-63A8A8BCA721}.Release|x86.ActiveCfg = Release|VisualGDB
		{ACF644C7-4606-4479-BCE5-A1480C07BF87}.Debug|Any CPU.ActiveCfg = Debug|VisualGDB
		{ACF644C7-4606-4479-BCE5-A1480C07BF87}.Debug|ARM.ActiveCfg = Debug|VisualGDB
		{ACF644C7-4606-4479-BCE5-A1480C07BF87}.Debug|VisualGDB.ActiveCfg = Debug|VisualGDB
		{ACF644C7-4606-4479-BCE5-A1480C07BF87}.Debug|VisualGDB.Build.0 = Debug|VisualGDB
		{ACF644C7-4606-4479-BCE5-A1480C07BF87}.Debug|x64.ActiveCfg = Debug|VisualGDB
		{ACF644C7-4606-4479-BCE5-A1480C07BF87}.Debug|x86.ActiveCfg = Debug|VisualGDB
		{ACF644C7-4606-4479-BCE5-A1480C07BF87}.Release|Any CPU.ActiveCfg = Release|VisualGDB
		{ACF644C7-4606-4479-BCE5-A1480C07BF87}.Release|ARM.ActiveCfg = Release|VisualGDB
		{ACF644C7-4606-4479-BCE5-A1480C07BF87}.Release|VisualGDB.ActiveCfg = Release|VisualGDB
		{ACF644C7-4606-4479-BCE5-A1480C07BF87}.Release|VisualGDB.Build.0 = Release|VisualGDB
		{ACF644C7-4606-4479-BCE5-A1480C07BF87}.Release|x64.ActiveCfg = Release|VisualGDB
		{ACF644C7-4606-4479-BCE5-A1480C07BF87}.Release|x86.ActiveCfg = Release|VisualGDB
		{39BABCF8-FD44-420E-8530-4778DD597B21}.Debug|Any CPU.ActiveCfg = Debug|Any CPU
		{39BABCF8-FD44-420E-8530-4778DD597B21}.Debug|Any CPU.Build.0 = Debug|Any CPU
		{39BABCF8-FD44-420E-8530-4778DD597B21}.Debug|ARM.ActiveCfg = Debug|Any CPU
		{39BABCF8-FD44-420E-8530-4778DD597B21}.Debug|ARM.Build.0 = Debug|Any CPU
		{39BABCF8-FD44-420E-8530-4778DD597B21}.Debug|VisualGDB.ActiveCfg = Debug|Any CPU
		{39BABCF8-FD44-420E-8530-4778DD597B21}.Debug|VisualGDB.Build.0 = Debug|Any CPU
		{39BABCF8-FD44-420E-8530-4778DD597B21}.Debug|x64.ActiveCfg = Debug|Any CPU
		{39BABCF8-FD44-420E-8530-4778DD597B21}.Debug|x64.Build.0 = Debug|Any CPU
		{39BABCF8-FD44-420E-8530-4778DD597B21}.Debug|x86.ActiveCfg = Debug|Any CPU
		{39BABCF8-FD44-420E-8530-4778DD597B21}.Debug|x86.Build.0 = Debug|Any CPU
		{39BABCF8-FD44-420E-8530-4778DD597B21}.Release|Any CPU.ActiveCfg = Release|Any CPU
		{39BABCF8-FD44-420E-8530-4778DD597B21}.Release|Any CPU.Build.0 = Release|Any CPU
		{39BABCF8-FD44-420E-8530-4778DD597B21}.Release|ARM.ActiveCfg = Release|Any CPU
		{39BABCF8-FD44-420E-8530-4778DD597B21}.Release|ARM.Build.0 = Release|Any CPU
		{39BABCF8-FD44-420E-8530-4778DD597B21}.Release|VisualGDB.ActiveCfg = Release|Any CPU
		{39BABCF8-FD44-420E-8530-4778DD597B21}.Release|VisualGDB.Build.0 = Release|Any CPU
		{39BABCF8-FD44-420E-8530-4778DD597B21}.Release|x64.ActiveCfg = Release|Any CPU
		{39BABCF8-FD44-420E-8530-4778DD597B21}.Release|x64.Build.0 = Release|Any CPU
		{39BABCF8-FD44-420E-8530-4778DD597B21}.Release|x86.ActiveCfg = Release|Any CPU
		{39BABCF8-FD44-420E-8530-4778DD597B21}.Release|x86.Build.0 = Release|Any CPU
		{C5F80730-F44F-4478-BDAE-6634EFC2CA88}.Debug|Any CPU.ActiveCfg = Debug|Win32
		{C5F80730-F44F-4478-BDAE-6634EFC2CA88}.Debug|ARM.ActiveCfg = Debug|ARM
		{C5F80730-F44F-4478-BDAE-6634EFC2CA88}.Debug|ARM.Build.0 = Debug|ARM
		{C5F80730-F44F-4478-BDAE-6634EFC2CA88}.Debug|VisualGDB.ActiveCfg = Debug|Win32
		{C5F80730-F44F-4478-BDAE-6634EFC2CA88}.Debug|x64.ActiveCfg = Debug|Win32
		{C5F80730-F44F-4478-BDAE-6634EFC2CA88}.Debug|x86.ActiveCfg = Debug|Win32
		{C5F80730-F44F-4478-BDAE-6634EFC2CA88}.Debug|x86.Build.0 = Debug|Win32
		{C5F80730-F44F-4478-BDAE-6634EFC2CA88}.Release|Any CPU.ActiveCfg = Release|Win32
		{C5F80730-F44F-4478-BDAE-6634EFC2CA88}.Release|ARM.ActiveCfg = Release|ARM
		{C5F80730-F44F-4478-BDAE-6634EFC2CA88}.Release|ARM.Build.0 = Release|ARM
		{C5F80730-F44F-4478-BDAE-6634EFC2CA88}.Release|VisualGDB.ActiveCfg = Release|Win32
		{C5F80730-F44F-4478-BDAE-6634EFC2CA88}.Release|x64.ActiveCfg = Release|Win32
		{C5F80730-F44F-4478-BDAE-6634EFC2CA88}.Release|x86.ActiveCfg = Release|Win32
		{C5F80730-F44F-4478-BDAE-6634EFC2CA88}.Release|x86.Build.0 = Release|Win32
	EndGlobalSection
	GlobalSection(SolutionProperties) = preSolution
		HideSolutionNode = FALSE
	EndGlobalSection
	GlobalSection(NestedProjects) = preSolution
		{4C9AB672-6D50-4675-A305-8A95860B9A64} = {C26B8A3E-D380-467A-B8B6-F943772E1E18}
		{EBB917F3-74E7-4EB6-97D3-C2CE6873B5F9} = {9E3EB96E-BA68-4923-B879-4240A4D61913}
		{6A967716-D419-4C6E-9B5C-C8A68A3AF2D1} = {9E3EB96E-BA68-4923-B879-4240A4D61913}
		{A17730CE-5FD1-4CB8-9B8D-5E9F076E7698} = {CAE0343B-79BE-474C-8AD9-F2271AD938CC}
		{A6DF2A5F-0C0F-4325-93C2-9EF774B7B524} = {CAE0343B-79BE-474C-8AD9-F2271AD938CC}
		{B37F3067-2A62-4034-9068-352F6949466A} = {CAE0343B-79BE-474C-8AD9-F2271AD938CC}
		{EAD6683E-F9AB-4402-B93A-39A204DEAE4D} = {27E14E05-8F89-491B-B0B5-D9B78F7E8F54}
		{5360C344-D7E6-4829-885A-95022C8CCA98} = {27E14E05-8F89-491B-B0B5-D9B78F7E8F54}
		{1FCEBB38-4A83-4F84-96C6-63A8A8BCA721} = {C26B8A3E-D380-467A-B8B6-F943772E1E18}
		{ACF644C7-4606-4479-BCE5-A1480C07BF87} = {CAE0343B-79BE-474C-8AD9-F2271AD938CC}
		{39BABCF8-FD44-420E-8530-4778DD597B21} = {1DFED395-1284-4F07-A3FA-022571F747AD}
		{C5F80730-F44F-4478-BDAE-6634EFC2CA88} = {B3FB5E8B-0EDC-4642-8213-62F234EB7F90}
	EndGlobalSection
EndGlobal
