<?xml version="1.0" encoding="utf-8"?>
<Project ToolsVersion="4.0" xmlns="http://schemas.microsoft.com/developer/msbuild/2003">
  <ItemGroup>
    <Filter Include="Source files">
      <UniqueIdentifier>{48ed3ecb-9e03-4b8d-9891-f7f50b4079b8}</UniqueIdentifier>
      <Extensions>cpp;c;cc;cxx;def;odl;idl;hpj;bat;asm;asmx</Extensions>
    </Filter>
    <Filter Include="Header files">
      <UniqueIdentifier>{7fc1c39a-6c39-4c14-8fa9-482e73b55162}</UniqueIdentifier>
      <Extensions>h;hpp;hxx;hm;inl;inc;xsd</Extensions>
    </Filter>
    <Filter Include="VisualGDB settings">
      <UniqueIdentifier>{fb9d2d4d-35f3-4b29-bfbd-68796fea27bb}</UniqueIdentifier>
      <Extensions>*.vgdbsettings</Extensions>
    </Filter>
    <Filter Include="Source files\LSM303">
      <UniqueIdentifier>{f98ed763-f4db-48fe-8d67-4f7264f1694c}</UniqueIdentifier>
    </Filter>
    <Filter Include="Header files\LSM303">
      <UniqueIdentifier>{3d1845fb-0355-47d1-9e3b-7b4921628c2b}</UniqueIdentifier>
    </Filter>
    <Filter Include="Source files\Adafruit_GPS">
      <UniqueIdentifier>{4f632ca7-ace8-4320-87e3-c7f811f79de2}</UniqueIdentifier>
    </Filter>
    <Filter Include="Header files\Adafruit_GPS">
      <UniqueIdentifier>{65862533-c16c-4cde-959a-926d6fdbea3a}</UniqueIdentifier>
    </Filter>
    <Filter Include="Header files\NMEAParser">
      <UniqueIdentifier>{1712a0a9-944c-46ba-b237-b290c6975321}</UniqueIdentifier>
    </Filter>
    <Filter Include="Resource files">
      <UniqueIdentifier>{380f2d22-4b78-4228-8594-3f384419badf}</UniqueIdentifier>
      <Extensions>rc;ico;cur;bmp;dlg;rc2;rct;bin;rgs;gif;jpg;jpeg;jpe;resx;tiff;tif;png;wav</Extensions>
    </Filter>
    <Filter Include="Source files\NMEAParser">
      <UniqueIdentifier>{2d2a9944-1f81-48ad-aaa6-e0da016dfa2c}</UniqueIdentifier>
    </Filter>
    <Filter Include="Header files\NMEAParser\Parsers">
      <UniqueIdentifier>{e0194f82-7e78-4e13-b172-8fd008848f12}</UniqueIdentifier>
    </Filter>
    <Filter Include="Source files\NMEAParser\Parsers">
      <UniqueIdentifier>{5a336c31-4ca1-4476-aa6c-68b4dc7b3019}</UniqueIdentifier>
    </Filter>
    <Filter Include="Source files\ST7565">
      <UniqueIdentifier>{a5bab1f5-7078-4661-8756-1e927afaa592}</UniqueIdentifier>
    </Filter>
    <Filter Include="Header files\ST7565">
      <UniqueIdentifier>{c0a918df-ae5e-4ffd-a0c1-58b04462c2dc}</UniqueIdentifier>
    </Filter>
    <Filter Include="Header files\PCA9685">
      <UniqueIdentifier>{e28f03a3-f238-4c72-9eb0-2be08ffe9821}</UniqueIdentifier>
    </Filter>
    <Filter Include="Header files\TCS34725">
      <UniqueIdentifier>{74d529a7-deff-4949-a29b-9304421e7108}</UniqueIdentifier>
    </Filter>
    <Filter Include="Source files\TCS34725">
      <UniqueIdentifier>{778e7751-c7ac-4b29-abd2-084a3cff06e7}</UniqueIdentifier>
    </Filter>
    <Filter Include="Header files\HCSR04">
      <UniqueIdentifier>{55b3ccdd-2d14-48cc-acac-598d83f9ac17}</UniqueIdentifier>
    </Filter>
    <Filter Include="Source files\HCSR04">
      <UniqueIdentifier>{133b14c6-9500-4bf7-8174-d7491b9c5592}</UniqueIdentifier>
    </Filter>
    <Filter Include="Header files\ArduCam">
      <UniqueIdentifier>{ba691987-27a0-4493-9ee9-bd2d1445645c}</UniqueIdentifier>
    </Filter>
    <Filter Include="Source files\ArduCam">
      <UniqueIdentifier>{fbcbc741-b71b-4e76-99be-8fccd6343937}</UniqueIdentifier>
    </Filter>
    <Filter Include="Source files\ArduCam\ArduCamDriver">
      <UniqueIdentifier>{fd206269-0117-46f9-ab23-731f83761c9e}</UniqueIdentifier>
    </Filter>
    <Filter Include="Header files\ArduCam\ArduCamDriver">
      <UniqueIdentifier>{c8a59509-a999-471e-93f5-3fcfc6aacb21}</UniqueIdentifier>
    </Filter>
    <Filter Include="Header files\ArduCam\GrassDetection">
      <UniqueIdentifier>{8c3c5520-06cd-4d17-a91e-3d8d4434daf0}</UniqueIdentifier>
    </Filter>
    <Filter Include="Source files\ArduCam\GrassDetection">
      <UniqueIdentifier>{c9168bde-69d9-4ef8-8e35-57012f1cae84}</UniqueIdentifier>
    </Filter>
    <Filter Include="Header files\GPIOLED">
      <UniqueIdentifier>{b925517b-ad07-400d-bd8b-553681f6d686}</UniqueIdentifier>
    </Filter>
    <Filter Include="Source files\GPIOLED">
      <UniqueIdentifier>{d872a774-1257-41de-bb8e-c6a6837664a2}</UniqueIdentifier>
    </Filter>
    <Filter Include="Source files\MAX72XXLEDDriver">
      <UniqueIdentifier>{c665f747-2347-4930-b07c-88cf7b26ef06}</UniqueIdentifier>
    </Filter>
    <Filter Include="Header files\MAX72XXLEDDriver">
      <UniqueIdentifier>{7295c90e-4980-42d9-8e18-a2156e1b8d54}</UniqueIdentifier>
    </Filter>
    <Filter Include="Header files\GPIOButton">
      <UniqueIdentifier>{d935e8f0-c838-43e1-bb00-c14408c47b28}</UniqueIdentifier>
    </Filter>
    <Filter Include="Source files\GPIOButton">
      <UniqueIdentifier>{feba6110-350d-4d06-a7b7-b0da091f0921}</UniqueIdentifier>
    </Filter>
    <Filter Include="Header files\DigoleLCD">
      <UniqueIdentifier>{c821b12e-cc2f-4e25-9618-664d791ece0e}</UniqueIdentifier>
    </Filter>
    <Filter Include="Source files\DigoleLCD">
      <UniqueIdentifier>{b4861a25-0ab5-4f92-bac6-8206e3b07025}</UniqueIdentifier>
    </Filter>
    <Filter Include="Source files\PCA9685">
      <UniqueIdentifier>{0f4f1edc-481d-40ef-9997-81cf7a0d46dd}</UniqueIdentifier>
    </Filter>
    <Filter Include="Header files\LS7366R">
      <UniqueIdentifier>{ba043c51-5f3c-471b-8cfd-8bc1624cfc3a}</UniqueIdentifier>
    </Filter>
    <Filter Include="Source files\LSR7366R">
      <UniqueIdentifier>{f3564cf1-5c7b-4df4-b663-a923bdf7a233}</UniqueIdentifier>
    </Filter>
    <Filter Include="Source files\ArduinoSensorHost">
      <UniqueIdentifier>{d02955fd-a981-4cb2-bbdd-178b57c4e64a}</UniqueIdentifier>
    </Filter>
    <Filter Include="Header files\ArduinoSensorHost">
      <UniqueIdentifier>{7def20c5-c63a-4276-bb7e-da648bdc4c0f}</UniqueIdentifier>
    </Filter>
    <Filter Include="Header files\PiCamera">
      <UniqueIdentifier>{f8ccdd1f-d7c5-46a9-bc56-ddb37a059f99}</UniqueIdentifier>
    </Filter>
    <Filter Include="Source files\PiCamera">
      <UniqueIdentifier>{4d55c37b-a25a-4913-80ed-d00f0f9745e5}</UniqueIdentifier>
    </Filter>
    <Filter Include="Header files\INA219">
      <UniqueIdentifier>{be770fc7-8d82-49c8-be60-c26465b13bca}</UniqueIdentifier>
    </Filter>
    <Filter Include="Source files\INA219">
      <UniqueIdentifier>{823767cd-0944-4c19-9de3-2b5ec5f1a06f}</UniqueIdentifier>
    </Filter>
    <Filter Include="Source files\BQ34Z100G1">
      <UniqueIdentifier>{2d9eb1d4-7ca8-461d-bccd-1d352facd39e}</UniqueIdentifier>
    </Filter>
    <Filter Include="RA8875">
      <UniqueIdentifier>{a085591e-ccbc-407e-ba29-78eedf6ea86a}</UniqueIdentifier>
    </Filter>
    <Filter Include="Source files\RA8875">
      <UniqueIdentifier>{375f033b-7c6b-4186-81e8-748afc35cf4b}</UniqueIdentifier>
    </Filter>
    <Filter Include="Header files\BQ34Z100-G1">
      <UniqueIdentifier>{a74c2ed3-4ae2-437f-9764-407e8fa351fb}</UniqueIdentifier>
    </Filter>
    <Filter Include="RA8875\Fonts">
      <UniqueIdentifier>{a72ddd01-1e86-4ff4-a2ff-a1becb3aa224}</UniqueIdentifier>
    </Filter>
    <Filter Include="Source files\RA8875\Fonts">
      <UniqueIdentifier>{643b1a92-81ee-46f7-b3d8-74683221a27f}</UniqueIdentifier>
    </Filter>
    <Filter Include="Source files\RA8875\Adafruit_GFX">
      <UniqueIdentifier>{4e367547-6fe3-48a4-8c6e-f779a47a750c}</UniqueIdentifier>
    </Filter>
  </ItemGroup>
  <ItemGroup>
    <ClCompile Include="SensorBase.cpp">
      <Filter>Source files</Filter>
    </ClCompile>
    <ClCompile Include="LSM303_Magnetometer.cpp">
      <Filter>Source files\LSM303</Filter>
    </ClCompile>
    <ClCompile Include="LSM303_Accelerometer.cpp">
      <Filter>Source files\LSM303</Filter>
    </ClCompile>
    <ClCompile Include="AdafruitGPS.cpp">
      <Filter>Source files\Adafruit_GPS</Filter>
    </ClCompile>
    <ClCompile Include="NMEAParser.cpp">
      <Filter>Source files\NMEAParser</Filter>
    </ClCompile>
    <ClCompile Include="ObjectParsers.cpp">
      <Filter>Source files\NMEAParser</Filter>
    </ClCompile>
    <ClCompile Include="ParserGPRMC.cpp">
      <Filter>Source files\NMEAParser\Parsers</Filter>
    </ClCompile>
    <ClCompile Include="ParserGPGGA.cpp">
      <Filter>Source files\NMEAParser\Parsers</Filter>
    </ClCompile>
    <ClCompile Include="ParserGPGLL.cpp">
      <Filter>Source files\NMEAParser\Parsers</Filter>
    </ClCompile>
    <ClCompile Include="ST7565.cpp">
      <Filter>Source files\ST7565</Filter>
    </ClCompile>
    <ClCompile Include="HCSR04.cpp">
      <Filter>Source files\HCSR04</Filter>
    </ClCompile>
    <ClCompile Include="TCS34725.cpp">
      <Filter>Source files\TCS34725</Filter>
    </ClCompile>
    <ClCompile Include="ParserGPVTG.cpp">
      <Filter>Source files\NMEAParser\Parsers</Filter>
    </ClCompile>
    <ClCompile Include="ParserGPGSV.cpp">
      <Filter>Source files\NMEAParser\Parsers</Filter>
    </ClCompile>
    <ClCompile Include="ArduCam.cpp">
      <Filter>Source files\ArduCam</Filter>
    </ClCompile>
    <ClCompile Include="ArduCamDriver\arducam_arch_raspberrypi.c">
      <Filter>Source files\ArduCam\ArduCamDriver</Filter>
    </ClCompile>
    <ClCompile Include="ArduCamDriver\arducamDriver.c">
      <Filter>Source files\ArduCam\ArduCamDriver</Filter>
    </ClCompile>
    <ClCompile Include="GPIOLED.cpp">
      <Filter>Source files\GPIOLED</Filter>
    </ClCompile>
    <ClCompile Include="MAX72XXLEDDriver.cpp">
      <Filter>Source files\MAX72XXLEDDriver</Filter>
    </ClCompile>
    <ClCompile Include="GPIOButton.cpp">
      <Filter>Source files\GPIOButton</Filter>
    </ClCompile>
    <ClCompile Include="DigoleLCD.cpp">
      <Filter>Source files\DigoleLCD</Filter>
    </ClCompile>
    <ClCompile Include="GrassDetection.cpp">
      <Filter>Source files\ArduCam\GrassDetection</Filter>
    </ClCompile>
    <ClCompile Include="PCA9685.cpp">
      <Filter>Source files\PCA9685</Filter>
    </ClCompile>
    <ClCompile Include="LS7366R.cpp">
      <Filter>Source files\LSR7366R</Filter>
    </ClCompile>
    <ClCompile Include="ArduinoSensorHost.cpp">
      <Filter>Source files\ArduinoSensorHost</Filter>
    </ClCompile>
    <ClCompile Include="PiCamera.cpp">
      <Filter>Source files\PiCamera</Filter>
    </ClCompile>
    <ClCompile Include="INA219.cpp">
      <Filter>Source files\INA219</Filter>
    </ClCompile>
    <ClCompile Include="BQ34Z100G1.cpp">
      <Filter>Source files\BQ34Z100G1</Filter>
    </ClCompile>
    <ClCompile Include="RA8875\Adafruit-GFX-Library-master\Adafruit_GFX.cpp">
      <Filter>Source files\RA8875\Adafruit_GFX</Filter>
    </ClCompile>
    <ClCompile Include="RA8875\Adafruit-GFX-Library-master\glcdfont.c">
      <Filter>Source files\RA8875\Adafruit_GFX</Filter>
    </ClCompile>
    <ClCompile Include="RA8875\Adafruit_RA8875.cpp">
      <Filter>Source files\RA8875\Adafruit_GFX</Filter>
    </ClCompile>
  </ItemGroup>
  <ItemGroup>
    <ClInclude Include="SensorLib.h">
      <Filter>Header files</Filter>
    </ClInclude>
    <ClInclude Include="SensorBase.h">
      <Filter>Header files</Filter>
    </ClInclude>
    <ClInclude Include="LSM303.h">
      <Filter>Header files\LSM303</Filter>
    </ClInclude>
    <ClInclude Include="LSM303_Magnetometer.h">
      <Filter>Header files\LSM303</Filter>
    </ClInclude>
    <ClInclude Include="LSM303_Accelerometer.h">
      <Filter>Header files\LSM303</Filter>
    </ClInclude>
    <ClInclude Include="AdafruitGPS.h">
      <Filter>Header files\Adafruit_GPS</Filter>
    </ClInclude>
    <ClInclude Include="AdafruitGPSConstants.h">
      <Filter>Header files\Adafruit_GPS</Filter>
    </ClInclude>
    <ClInclude Include="NMEAParser.h">
      <Filter>Header files\NMEAParser</Filter>
    </ClInclude>
    <ClInclude Include="ObjectParsers.h">
      <Filter>Header files\NMEAParser</Filter>
    </ClInclude>
    <ClInclude Include="ParserGPRMC.h">
      <Filter>Header files\NMEAParser\Parsers</Filter>
    </ClInclude>
    <ClInclude Include="ParserGPGGA.h">
      <Filter>Header files\NMEAParser\Parsers</Filter>
    </ClInclude>
    <ClInclude Include="ParserBase.h">
      <Filter>Header files\NMEAParser\Parsers</Filter>
    </ClInclude>
    <ClInclude Include="ParserGPGLL.h">
      <Filter>Header files\NMEAParser\Parsers</Filter>
    </ClInclude>
    <ClInclude Include="DeviceBase.h">
      <Filter>Header files</Filter>
    </ClInclude>
    <ClInclude Include="ST7565.h">
      <Filter>Header files\ST7565</Filter>
    </ClInclude>
    <ClInclude Include="5x7FontFull.h">
      <Filter>Header files\ST7565</Filter>
    </ClInclude>
    <ClInclude Include="5x7FontNoGlyphs.h">
      <Filter>Header files\ST7565</Filter>
    </ClInclude>
    <ClInclude Include="ST7565Defines.h">
      <Filter>Header files\ST7565</Filter>
    </ClInclude>
    <ClInclude Include="DeviceLib.h">
      <Filter>Header files</Filter>
    </ClInclude>
    <ClInclude Include="PCA9685.h">
      <Filter>Header files\PCA9685</Filter>
    </ClInclude>
    <ClInclude Include="TCS34725.h">
      <Filter>Header files\TCS34725</Filter>
    </ClInclude>
    <ClInclude Include="HCSR04.h">
      <Filter>Header files\HCSR04</Filter>
    </ClInclude>
    <ClInclude Include="ParserGPVTG.h">
      <Filter>Header files\NMEAParser\Parsers</Filter>
    </ClInclude>
    <ClInclude Include="ParserGPGSV.h">
      <Filter>Header files\NMEAParser\Parsers</Filter>
    </ClInclude>
    <ClInclude Include="ArduCam.h">
      <Filter>Header files\ArduCam</Filter>
    </ClInclude>
    <ClInclude Include="ArduCamDriver\arducam_arch.h">
      <Filter>Header files\ArduCam\ArduCamDriver</Filter>
    </ClInclude>
    <ClInclude Include="ArduCamDriver\memorysaver.h">
      <Filter>Header files\ArduCam\ArduCamDriver</Filter>
    </ClInclude>
    <ClInclude Include="ArduCamDriver\ov2640_regs.h">
      <Filter>Header files\ArduCam\ArduCamDriver</Filter>
    </ClInclude>
    <ClInclude Include="ArduCamDriver\ov5642_regs.h">
      <Filter>Header files\ArduCam\ArduCamDriver</Filter>
    </ClInclude>
    <ClInclude Include="ArduCamDriver\arducamDriver.h">
      <Filter>Header files\ArduCam\ArduCamDriver</Filter>
    </ClInclude>
    <ClInclude Include="GPIOLED.h">
      <Filter>Header files\GPIOLED</Filter>
    </ClInclude>
    <ClInclude Include="MAX72XXLEDDriver.h">
      <Filter>Header files\MAX72XXLEDDriver</Filter>
    </ClInclude>
    <ClInclude Include="MAX72XXDefines.h">
      <Filter>Header files\MAX72XXLEDDriver</Filter>
    </ClInclude>
    <ClInclude Include="GPIOButton.h">
      <Filter>Header files\GPIOButton</Filter>
    </ClInclude>
    <ClInclude Include="MCP230XX.h">
      <Filter>Header files</Filter>
    </ClInclude>
    <ClInclude Include="DigoleLCD.h">
      <Filter>Header files\DigoleLCD</Filter>
    </ClInclude>
    <ClInclude Include="GrassDetection.h">
      <Filter>Header files\ArduCam\GrassDetection</Filter>
    </ClInclude>
    <ClInclude Include="LS7366R.h">
      <Filter>Header files\LS7366R</Filter>
    </ClInclude>
    <ClInclude Include="ArduinoSensorHost.h">
      <Filter>Header files\ArduinoSensorHost</Filter>
    </ClInclude>
    <ClInclude Include="PiCamera.h">
      <Filter>Header files\PiCamera</Filter>
    </ClInclude>
    <ClInclude Include="INA219.h">
      <Filter>Header files\INA219</Filter>
    </ClInclude>
    <ClInclude Include="BQ34Z100G1.h">
      <Filter>Header files\BQ34Z100-G1</Filter>
    </ClInclude>
  </ItemGroup>
  <ItemGroup>
    <None Include="SensorLib-Debug.vgdbsettings">
      <Filter>VisualGDB settings</Filter>
    </None>
    <None Include="SensorLib-Release.vgdbsettings">
      <Filter>VisualGDB settings</Filter>
    </None>
  </ItemGroup>
</Project>